
Microsoft Visual Studio Solution File, Format Version 12.00
# Visual Studio Version 17
VisualStudioVersion = 17.9.34728.123
MinimumVisualStudioVersion = 10.0.40219.1
Project("{FAE04EC0-301F-11D3-BF4B-00C04F79EFBC}") = "CommandesG", "CommandesG.csproj", "{490BE531-882B-4E13-BA50-13DFDE0E0D84}"
EndProject
Global
	GlobalSection(SolutionConfigurationPlatforms) = preSolution
		Debug|Any CPU = Debug|Any CPU
		Release|Any CPU = Release|Any CPU
	EndGlobalSection
	GlobalSection(ProjectConfigurationPlatforms) = postSolution
		{490BE531-882B-4E13-BA50-13DFDE0E0D84}.Debug|Any CPU.ActiveCfg = Debug|Any CPU
		{490BE531-882B-4E13-BA50-13DFDE0E0D84}.Debug|Any CPU.Build.0 = Debug|Any CPU
		{490BE531-882B-4E13-BA50-13DFDE0E0D84}.Release|Any CPU.ActiveCfg = Release|Any CPU
		{490BE531-882B-4E13-BA50-13DFDE0E0D84}.Release|Any CPU.Build.0 = Release|Any CPU
	EndGlobalSection
	GlobalSection(SolutionProperties) = preSolution
		HideSolutionNode = FALSE
	EndGlobalSection
	GlobalSection(ExtensibilityGlobals) = postSolution
		SolutionGuid = {AAE601E8-6B2C-4711-976C-65385FB8024B}
	EndGlobalSection
EndGlobal
